{
  "version": 4,
  "terraform_version": "1.3.8",
  "serial": 3,
  "lineage": "b6cf959a-ba22-d7df-238a-1344dcd94162",
  "outputs": {},
  "resources": [
    {
      "mode": "managed",
      "type": "aws_key_pair",
      "name": "k8s-key",
      "provider": "provider[\"registry.terraform.io/hashicorp/aws\"]",
      "instances": [
        {
          "schema_version": 1,
          "attributes": {
            "arn": "arn:aws:ec2:us-east-1:385401615023:key-pair/k8s-key",
            "fingerprint": "9c:2f:0f:58:d0:f2:71:50:66:99:8a:c0:15:0e:08:73",
            "id": "k8s-key",
            "key_name": "k8s-key",
            "key_name_prefix": "",
            "key_pair_id": "key-0779898e54cfc4cc8",
            "key_type": "rsa",
            "public_key": "ssh-rsa AAAAB3NzaC1yc2EAAAADAQABAAABgQCc+VAa7uZz2Kwu4ig5RFtvA2PKWAGpgFX4+ElSvuWracAgqJc8gruGIWpvGBZZ0s8Tod6iYDnh6jovxSXrFyvbV2HbiuLSHvd9aWOOyXBlgVqcrn+eQmqNPgqsBSKXdk9TLJGd49HJKzV6wvZtU+GoUTs54wmuCK+MrCE+dXnkbHEy3inhgTH/rvf7XFoB/kf632Ql9I4Q7IWuaeFZ4sQ6sk/2jYvPBQeiaXOTpjllapoP1qp7lVwWvv4GsfuLTfmyN3PQ6qCCgcgaUM2OYmbp71WF8L0MUzKCzkaV81ub1crAaMx/lu01FrQjk7NnXiF8NRrynRu6rGDtyN/PSh9ueI9Ty0/5UO7AcRAzirYtI+3zPWgxrMFk8n3UGairLeQWHVKP/rOSMy9gbLO2kQdi+sJfoTAg+Nj04rpKnsumXL5l2g8XuiyoqLiAjUGNpp+hucJwA3XWJQmUPZRZCs5vf4vHE8ocYa/bjwaBo48TgTWV8F1e0E9sdQHNTPRn818=",
            "tags": null,
            "tags_all": {}
          },
          "sensitive_attributes": [],
          "private": "eyJzY2hlbWFfdmVyc2lvbiI6IjEifQ=="
        }
      ]
    }
  ],
  "check_results": null
}
